
Microsoft Visual Studio Solution File, Format Version 12.00
# Visual Studio Version 16
VisualStudioVersion = 16.0.29920.165
MinimumVisualStudioVersion = 10.0.40219.1
Project("{9A19103F-16F7-4668-BE54-9A1E7A4F7556}") = "TestAutomation", "TestAutomation\TestAutomation.csproj", "{EB5111CE-C155-41DA-ABCB-28A66A4C1D86}"
EndProject
Global
	GlobalSection(SolutionConfigurationPlatforms) = preSolution
		Debug|Any CPU = Debug|Any CPU
		Release|Any CPU = Release|Any CPU
	EndGlobalSection
	GlobalSection(ProjectConfigurationPlatforms) = postSolution
		{EB5111CE-C155-41DA-ABCB-28A66A4C1D86}.Debug|Any CPU.ActiveCfg = Debug|Any CPU
		{EB5111CE-C155-41DA-ABCB-28A66A4C1D86}.Debug|Any CPU.Build.0 = Debug|Any CPU
		{EB5111CE-C155-41DA-ABCB-28A66A4C1D86}.Release|Any CPU.ActiveCfg = Release|Any CPU
		{EB5111CE-C155-41DA-ABCB-28A66A4C1D86}.Release|Any CPU.Build.0 = Release|Any CPU
	EndGlobalSection
	GlobalSection(SolutionProperties) = preSolution
		HideSolutionNode = FALSE
	EndGlobalSection
	GlobalSection(ExtensibilityGlobals) = postSolution
		SolutionGuid = {D7C777F0-3B2F-495F-9475-130D75EF6859}
	EndGlobalSection
EndGlobal
